
Microsoft Visual Studio Solution File, Format Version 12.00
# Visual Studio Version 17
VisualStudioVersion = 17.4.33213.308
MinimumVisualStudioVersion = 10.0.40219.1
Project("{8BC9CEB8-8B4A-11D0-8D11-00A0C91BC942}") = "Homework_Class_9", "Homework_Class_9\Homework_Class_9.vcxproj", "{EC51FE73-3DFA-43C7-8DC3-E3ED1D56DBE5}"
EndProject
Global
	GlobalSection(SolutionConfigurationPlatforms) = preSolution
		Debug|x64 = Debug|x64
		Debug|x86 = Debug|x86
		Release|x64 = Release|x64
		Release|x86 = Release|x86
	EndGlobalSection
	GlobalSection(ProjectConfigurationPlatforms) = postSolution
		{EC51FE73-3DFA-43C7-8DC3-E3ED1D56DBE5}.Debug|x64.ActiveCfg = Debug|x64
		{EC51FE73-3DFA-43C7-8DC3-E3ED1D56DBE5}.Debug|x64.Build.0 = Debug|x64
		{EC51FE73-3DFA-43C7-8DC3-E3ED1D56DBE5}.Debug|x86.ActiveCfg = Debug|Win32
		{EC51FE73-3DFA-43C7-8DC3-E3ED1D56DBE5}.Debug|x86.Build.0 = Debug|Win32
		{EC51FE73-3DFA-43C7-8DC3-E3ED1D56DBE5}.Release|x64.ActiveCfg = Release|x64
		{EC51FE73-3DFA-43C7-8DC3-E3ED1D56DBE5}.Release|x64.Build.0 = Release|x64
		{EC51FE73-3DFA-43C7-8DC3-E3ED1D56DBE5}.Release|x86.ActiveCfg = Release|Win32
		{EC51FE73-3DFA-43C7-8DC3-E3ED1D56DBE5}.Release|x86.Build.0 = Release|Win32
	EndGlobalSection
	GlobalSection(SolutionProperties) = preSolution
		HideSolutionNode = FALSE
	EndGlobalSection
	GlobalSection(ExtensibilityGlobals) = postSolution
		SolutionGuid = {609DA0BF-19CE-4B57-93D8-8B95A5E77959}
	EndGlobalSection
EndGlobal
